
Microsoft Visual Studio Solution File, Format Version 12.00
Project("{FAE04EC0-301F-11D3-BF4B-00C04F79EFBC}") = "Q100BioFarma.Host", "Q100BioFarma.Host\Q100BioFarma.Host.csproj", "{1D935998-2DC2-4CC2-8CE3-B9F009001B20}"
EndProject
Project("{2150E333-8FDC-42A3-9474-1A3956D46DE8}") = "src", "src", "{7D72FCF9-4E50-4E5E-82DD-C32FE148D2DC}"
EndProject
Project("{2150E333-8FDC-42A3-9474-1A3956D46DE8}") = "Database", "Database", "{437E7FC3-F465-49E1-A89C-C32EC08E6EAB}"
EndProject
Project("{FAE04EC0-301F-11D3-BF4B-00C04F79EFBC}") = "Q100BioFarma.Database.PostgreSQL", "Q100BioFarma.Database.PostgreSQL\Q100BioFarma.Database.PostgreSQL.csproj", "{BEE71D21-10F6-4CFD-9346-C50E8BCECAA9}"
EndProject
Project("{FAE04EC0-301F-11D3-BF4B-00C04F79EFBC}") = "Q100BioFarma.Database.Framework", "Q100BioFarma.Database.Framework\Q100BioFarma.Database.Framework.csproj", "{F2B8316A-1253-4525-9361-EF4E353558CC}"
EndProject
Project("{FAE04EC0-301F-11D3-BF4B-00C04F79EFBC}") = "Q100BioFarma.Database.Abstract", "Q100BioFarma.Database.Abstract\Q100BioFarma.Database.Abstract.csproj", "{60B8B477-5C35-4D65-AD1C-7443C75C96ED}"
EndProject
Project("{2150E333-8FDC-42A3-9474-1A3956D46DE8}") = "Infrastructure", "Infrastructure", "{A073F8CD-2DEF-4BA6-9648-D53DD1B6A6DB}"
EndProject
Project("{FAE04EC0-301F-11D3-BF4B-00C04F79EFBC}") = "Q100BioFarma.Infrastructure", "Q100BioFarma.Infrastructure\Q100BioFarma.Infrastructure.csproj", "{15285AD4-5A1C-497C-B9B8-01ABCC8CCD88}"
EndProject
Project("{2150E333-8FDC-42A3-9474-1A3956D46DE8}") = "Modules", "Modules", "{8AF7BC5D-C0C8-4482-A013-42AF75CC8CB8}"
EndProject
Project("{FAE04EC0-301F-11D3-BF4B-00C04F79EFBC}") = "Q100BioFarma.Modules.Common", "Q100BioFarma.Modules.Common\Q100BioFarma.Modules.Common.csproj", "{7290DCBB-D575-4D1C-AA7C-EFCB4A5C5712}"
EndProject
Project("{2150E333-8FDC-42A3-9474-1A3956D46DE8}") = "Extension", "Extension", "{116FF733-0345-44B1-8C03-9DD05A2647BF}"
EndProject
Project("{FAE04EC0-301F-11D3-BF4B-00C04F79EFBC}") = "Q100BioFarma.Extension", "Q100BioFarma.Extension\Q100BioFarma.Extension.csproj", "{9BC29326-48CC-427C-B65B-8DF2902C0448}"
EndProject
Global
	GlobalSection(SolutionConfigurationPlatforms) = preSolution
		Debug|Any CPU = Debug|Any CPU
		Release|Any CPU = Release|Any CPU
	EndGlobalSection
	GlobalSection(ProjectConfigurationPlatforms) = postSolution
		{1D935998-2DC2-4CC2-8CE3-B9F009001B20}.Debug|Any CPU.ActiveCfg = Debug|Any CPU
		{1D935998-2DC2-4CC2-8CE3-B9F009001B20}.Debug|Any CPU.Build.0 = Debug|Any CPU
		{1D935998-2DC2-4CC2-8CE3-B9F009001B20}.Release|Any CPU.ActiveCfg = Release|Any CPU
		{1D935998-2DC2-4CC2-8CE3-B9F009001B20}.Release|Any CPU.Build.0 = Release|Any CPU
		{BEE71D21-10F6-4CFD-9346-C50E8BCECAA9}.Debug|Any CPU.ActiveCfg = Debug|Any CPU
		{BEE71D21-10F6-4CFD-9346-C50E8BCECAA9}.Debug|Any CPU.Build.0 = Debug|Any CPU
		{BEE71D21-10F6-4CFD-9346-C50E8BCECAA9}.Release|Any CPU.ActiveCfg = Release|Any CPU
		{BEE71D21-10F6-4CFD-9346-C50E8BCECAA9}.Release|Any CPU.Build.0 = Release|Any CPU
		{F2B8316A-1253-4525-9361-EF4E353558CC}.Debug|Any CPU.ActiveCfg = Debug|Any CPU
		{F2B8316A-1253-4525-9361-EF4E353558CC}.Debug|Any CPU.Build.0 = Debug|Any CPU
		{F2B8316A-1253-4525-9361-EF4E353558CC}.Release|Any CPU.ActiveCfg = Release|Any CPU
		{F2B8316A-1253-4525-9361-EF4E353558CC}.Release|Any CPU.Build.0 = Release|Any CPU
		{60B8B477-5C35-4D65-AD1C-7443C75C96ED}.Debug|Any CPU.ActiveCfg = Debug|Any CPU
		{60B8B477-5C35-4D65-AD1C-7443C75C96ED}.Debug|Any CPU.Build.0 = Debug|Any CPU
		{60B8B477-5C35-4D65-AD1C-7443C75C96ED}.Release|Any CPU.ActiveCfg = Release|Any CPU
		{60B8B477-5C35-4D65-AD1C-7443C75C96ED}.Release|Any CPU.Build.0 = Release|Any CPU
		{15285AD4-5A1C-497C-B9B8-01ABCC8CCD88}.Debug|Any CPU.ActiveCfg = Debug|Any CPU
		{15285AD4-5A1C-497C-B9B8-01ABCC8CCD88}.Debug|Any CPU.Build.0 = Debug|Any CPU
		{15285AD4-5A1C-497C-B9B8-01ABCC8CCD88}.Release|Any CPU.ActiveCfg = Release|Any CPU
		{15285AD4-5A1C-497C-B9B8-01ABCC8CCD88}.Release|Any CPU.Build.0 = Release|Any CPU
		{7290DCBB-D575-4D1C-AA7C-EFCB4A5C5712}.Debug|Any CPU.ActiveCfg = Debug|Any CPU
		{7290DCBB-D575-4D1C-AA7C-EFCB4A5C5712}.Debug|Any CPU.Build.0 = Debug|Any CPU
		{7290DCBB-D575-4D1C-AA7C-EFCB4A5C5712}.Release|Any CPU.ActiveCfg = Release|Any CPU
		{7290DCBB-D575-4D1C-AA7C-EFCB4A5C5712}.Release|Any CPU.Build.0 = Release|Any CPU
		{9BC29326-48CC-427C-B65B-8DF2902C0448}.Debug|Any CPU.ActiveCfg = Debug|Any CPU
		{9BC29326-48CC-427C-B65B-8DF2902C0448}.Debug|Any CPU.Build.0 = Debug|Any CPU
		{9BC29326-48CC-427C-B65B-8DF2902C0448}.Release|Any CPU.ActiveCfg = Release|Any CPU
		{9BC29326-48CC-427C-B65B-8DF2902C0448}.Release|Any CPU.Build.0 = Release|Any CPU
	EndGlobalSection
	GlobalSection(NestedProjects) = preSolution
		{437E7FC3-F465-49E1-A89C-C32EC08E6EAB} = {7D72FCF9-4E50-4E5E-82DD-C32FE148D2DC}
		{BEE71D21-10F6-4CFD-9346-C50E8BCECAA9} = {437E7FC3-F465-49E1-A89C-C32EC08E6EAB}
		{F2B8316A-1253-4525-9361-EF4E353558CC} = {437E7FC3-F465-49E1-A89C-C32EC08E6EAB}
		{60B8B477-5C35-4D65-AD1C-7443C75C96ED} = {437E7FC3-F465-49E1-A89C-C32EC08E6EAB}
		{A073F8CD-2DEF-4BA6-9648-D53DD1B6A6DB} = {7D72FCF9-4E50-4E5E-82DD-C32FE148D2DC}
		{15285AD4-5A1C-497C-B9B8-01ABCC8CCD88} = {A073F8CD-2DEF-4BA6-9648-D53DD1B6A6DB}
		{8AF7BC5D-C0C8-4482-A013-42AF75CC8CB8} = {7D72FCF9-4E50-4E5E-82DD-C32FE148D2DC}
		{7290DCBB-D575-4D1C-AA7C-EFCB4A5C5712} = {8AF7BC5D-C0C8-4482-A013-42AF75CC8CB8}
		{116FF733-0345-44B1-8C03-9DD05A2647BF} = {7D72FCF9-4E50-4E5E-82DD-C32FE148D2DC}
		{9BC29326-48CC-427C-B65B-8DF2902C0448} = {116FF733-0345-44B1-8C03-9DD05A2647BF}
	EndGlobalSection
EndGlobal
